
Microsoft Visual Studio Solution File, Format Version 12.00
# Visual Studio Version 17
VisualStudioVersion = 17.3.32929.385
MinimumVisualStudioVersion = 10.0.40219.1
Project("{FAE04EC0-301F-11D3-BF4B-00C04F79EFBC}") = "Atv1_m2", "Atv1_m2\Atv1_m2.csproj", "{601B5153-68B3-47F2-8A0B-5182092CD7F4}"
EndProject
Global
	GlobalSection(SolutionConfigurationPlatforms) = preSolution
		Debug|Any CPU = Debug|Any CPU
		Release|Any CPU = Release|Any CPU
	EndGlobalSection
	GlobalSection(ProjectConfigurationPlatforms) = postSolution
		{601B5153-68B3-47F2-8A0B-5182092CD7F4}.Debug|Any CPU.ActiveCfg = Debug|Any CPU
		{601B5153-68B3-47F2-8A0B-5182092CD7F4}.Debug|Any CPU.Build.0 = Debug|Any CPU
		{601B5153-68B3-47F2-8A0B-5182092CD7F4}.Release|Any CPU.ActiveCfg = Release|Any CPU
		{601B5153-68B3-47F2-8A0B-5182092CD7F4}.Release|Any CPU.Build.0 = Release|Any CPU
	EndGlobalSection
	GlobalSection(SolutionProperties) = preSolution
		HideSolutionNode = FALSE
	EndGlobalSection
	GlobalSection(ExtensibilityGlobals) = postSolution
		SolutionGuid = {6EF124FB-20A2-4EC6-BCE8-668EE1CD0791}
	EndGlobalSection
EndGlobal
